// !$*UTF8*$!
{
	archiveVersion = 1;
	classes = {
	};
	objectVersion = 56;
	objects = {

/* Begin PBXBuildFile section */
		C59F31482E9185DC00DDF650 /* EnhancedViewController.swift in Sources */ = {isa = PBXBuildFile; fileRef = C59F31472E9185DC00DDF650 /* EnhancedViewController.swift */; };
		C5F19F032E7D3E92009012CD /* AppDelegate.swift in Sources */ = {isa = PBXBuildFile; fileRef = C5F19F022E7D3E92009012CD /* AppDelegate.swift */; };
		C5F19F052E7D3E92009012CD /* ViewController.swift in Sources */ = {isa = PBXBuildFile; fileRef = C5F19F042E7D3E92009012CD /* ViewController.swift */; };
		C5F19F072E7D3E97009012CD /* Assets.xcassets in Resources */ = {isa = PBXBuildFile; fileRef = C5F19F062E7D3E97009012CD /* Assets.xcassets */; };
		C5F19F0A2E7D3E97009012CD /* Main.storyboard in Resources */ = {isa = PBXBuildFile; fileRef = C5F19F082E7D3E97009012CD /* Main.storyboard */; };
		C5F19F152E7D3E98009012CD /* Deveice_InfoTests.swift in Sources */ = {isa = PBXBuildFile; fileRef = C5F19F142E7D3E98009012CD /* Deveice_InfoTests.swift */; };
		C5F19F1F2E7D3E98009012CD /* Deveice_InfoUITests.swift in Sources */ = {isa = PBXBuildFile; fileRef = C5F19F1E2E7D3E98009012CD /* Deveice_InfoUITests.swift */; };
		C5F19F212E7D3E98009012CD /* Deveice_InfoUITestsLaunchTests.swift in Sources */ = {isa = PBXBuildFile; fileRef = C5F19F202E7D3E98009012CD /* Deveice_InfoUITestsLaunchTests.swift */; };
		C5F19F2F2E7D3FD4009012CD /* IOKit.framework in Frameworks */ = {isa = PBXBuildFile; fileRef = C5F19F2E2E7D3FD4009012CD /* IOKit.framework */; };
/* End PBXBuildFile section */

/* Begin PBXContainerItemProxy section */
		C5F19F112E7D3E98009012CD /* PBXContainerItemProxy */ = {
			isa = PBXContainerItemProxy;
			containerPortal = C5F19EF72E7D3E92009012CD /* Project object */;
			proxyType = 1;
			remoteGlobalIDString = C5F19EFE2E7D3E92009012CD;
			remoteInfo = "Deveice Info";
		};
		C5F19F1B2E7D3E98009012CD /* PBXContainerItemProxy */ = {
			isa = PBXContainerItemProxy;
			containerPortal = C5F19EF72E7D3E92009012CD /* Project object */;
			proxyType = 1;
			remoteGlobalIDString = C5F19EFE2E7D3E92009012CD;
			remoteInfo = "Deveice Info";
		};
/* End PBXContainerItemProxy section */

/* Begin PBXFileReference section */
		C59F31472E9185DC00DDF650 /* EnhancedViewController.swift */ = {isa = PBXFileReference; lastKnownFileType = sourcecode.swift; path = EnhancedViewController.swift; sourceTree = "<group>"; };
		C5F19EFF2E7D3E92009012CD /* Deveice Info.app */ = {isa = PBXFileReference; explicitFileType = wrapper.application; includeInIndex = 0; path = "Deveice Info.app"; sourceTree = BUILT_PRODUCTS_DIR; };
		C5F19F022E7D3E92009012CD /* AppDelegate.swift */ = {isa = PBXFileReference; lastKnownFileType = sourcecode.swift; path = AppDelegate.swift; sourceTree = "<group>"; };
		C5F19F042E7D3E92009012CD /* ViewController.swift */ = {isa = PBXFileReference; lastKnownFileType = sourcecode.swift; path = ViewController.swift; sourceTree = "<group>"; };
		C5F19F062E7D3E97009012CD /* Assets.xcassets */ = {isa = PBXFileReference; lastKnownFileType = folder.assetcatalog; path = Assets.xcassets; sourceTree = "<group>"; };
		C5F19F092E7D3E97009012CD /* Base */ = {isa = PBXFileReference; lastKnownFileType = file.storyboard; name = Base; path = Base.lproj/Main.storyboard; sourceTree = "<group>"; };
		C5F19F0B2E7D3E97009012CD /* Deveice_Info.entitlements */ = {isa = PBXFileReference; lastKnownFileType = text.plist.entitlements; path = Deveice_Info.entitlements; sourceTree = "<group>"; };
		C5F19F102E7D3E98009012CD /* Deveice InfoTests.xctest */ = {isa = PBXFileReference; explicitFileType = wrapper.cfbundle; includeInIndex = 0; path = "Deveice InfoTests.xctest"; sourceTree = BUILT_PRODUCTS_DIR; };
		C5F19F142E7D3E98009012CD /* Deveice_InfoTests.swift */ = {isa = PBXFileReference; lastKnownFileType = sourcecode.swift; path = Deveice_InfoTests.swift; sourceTree = "<group>"; };
		C5F19F1A2E7D3E98009012CD /* Deveice InfoUITests.xctest */ = {isa = PBXFileReference; explicitFileType = wrapper.cfbundle; includeInIndex = 0; path = "Deveice InfoUITests.xctest"; sourceTree = BUILT_PRODUCTS_DIR; };
		C5F19F1E2E7D3E98009012CD /* Deveice_InfoUITests.swift */ = {isa = PBXFileReference; lastKnownFileType = sourcecode.swift; path = Deveice_InfoUITests.swift; sourceTree = "<group>"; };
		C5F19F202E7D3E98009012CD /* Deveice_InfoUITestsLaunchTests.swift */ = {isa = PBXFileReference; lastKnownFileType = sourcecode.swift; path = Deveice_InfoUITestsLaunchTests.swift; sourceTree = "<group>"; };
		C5F19F2E2E7D3FD4009012CD /* IOKit.framework */ = {isa = PBXFileReference; lastKnownFileType = wrapper.framework; name = IOKit.framework; path = System/Library/Frameworks/IOKit.framework; sourceTree = SDKROOT; };
/* End PBXFileReference section */

/* Begin PBXFrameworksBuildPhase section */
		C5F19EFC2E7D3E92009012CD /* Frameworks */ = {
			isa = PBXFrameworksBuildPhase;
			buildActionMask = 2147483647;
			files = (
				C5F19F2F2E7D3FD4009012CD /* IOKit.framework in Frameworks */,
			);
			runOnlyForDeploymentPostprocessing = 0;
		};
		C5F19F0D2E7D3E98009012CD /* Frameworks */ = {
			isa = PBXFrameworksBuildPhase;
			buildActionMask = 2147483647;
			files = (
			);
			runOnlyForDeploymentPostprocessing = 0;
		};
		C5F19F172E7D3E98009012CD /* Frameworks */ = {
			isa = PBXFrameworksBuildPhase;
			buildActionMask = 2147483647;
			files = (
			);
			runOnlyForDeploymentPostprocessing = 0;
		};
/* End PBXFrameworksBuildPhase section */

/* Begin PBXGroup section */
		C5F19EF62E7D3E92009012CD = {
			isa = PBXGroup;
			children = (
				C5F19F012E7D3E92009012CD /* Deveice Info */,
				C5F19F132E7D3E98009012CD /* Deveice InfoTests */,
				C5F19F1D2E7D3E98009012CD /* Deveice InfoUITests */,
				C5F19F002E7D3E92009012CD /* Products */,
				C5F19F2D2E7D3FD4009012CD /* Frameworks */,
			);
			sourceTree = "<group>";
		};
		C5F19F002E7D3E92009012CD /* Products */ = {
			isa = PBXGroup;
			children = (
				C5F19EFF2E7D3E92009012CD /* Deveice Info.app */,
				C5F19F102E7D3E98009012CD /* Deveice InfoTests.xctest */,
				C5F19F1A2E7D3E98009012CD /* Deveice InfoUITests.xctest */,
			);
			name = Products;
			sourceTree = "<group>";
		};
		C5F19F012E7D3E92009012CD /* Deveice Info */ = {
			isa = PBXGroup;
			children = (
				C5F19F022E7D3E92009012CD /* AppDelegate.swift */,
				C5F19F042E7D3E92009012CD /* ViewController.swift */,
				C5F19F062E7D3E97009012CD /* Assets.xcassets */,
				C5F19F082E7D3E97009012CD /* Main.storyboard */,
				C5F19F0B2E7D3E97009012CD /* Deveice_Info.entitlements */,
				C59F31472E9185DC00DDF650 /* EnhancedViewController.swift */,
			);
			path = "Deveice Info";
			sourceTree = "<group>";
		};
		C5F19F132E7D3E98009012CD /* Deveice InfoTests */ = {
			isa = PBXGroup;
			children = (
				C5F19F142E7D3E98009012CD /* Deveice_InfoTests.swift */,
			);
			path = "Deveice InfoTests";
			sourceTree = "<group>";
		};
		C5F19F1D2E7D3E98009012CD /* Deveice InfoUITests */ = {
			isa = PBXGroup;
			children = (
				C5F19F1E2E7D3E98009012CD /* Deveice_InfoUITests.swift */,
				C5F19F202E7D3E98009012CD /* Deveice_InfoUITestsLaunchTests.swift */,
			);
			path = "Deveice InfoUITests";
			sourceTree = "<group>";
		};
		C5F19F2D2E7D3FD4009012CD /* Frameworks */ = {
			isa = PBXGroup;
			children = (
				C5F19F2E2E7D3FD4009012CD /* IOKit.framework */,
			);
			name = Frameworks;
			sourceTree = "<group>";
		};
/* End PBXGroup section */

/* Begin PBXNativeTarget section */
		C5F19EFE2E7D3E92009012CD /* Deveice Info */ = {
			isa = PBXNativeTarget;
			buildConfigurationList = C5F19F242E7D3E98009012CD /* Build configuration list for PBXNativeTarget "Deveice Info" */;
			buildPhases = (
				C5F19EFB2E7D3E92009012CD /* Sources */,
				C5F19EFC2E7D3E92009012CD /* Frameworks */,
				C5F19EFD2E7D3E92009012CD /* Resources */,
			);
			buildRules = (
			);
			dependencies = (
			);
			name = "Deveice Info";
			productName = "Deveice Info";
			productReference = C5F19EFF2E7D3E92009012CD /* Deveice Info.app */;
			productType = "com.apple.product-type.application";
		};
		C5F19F0F2E7D3E98009012CD /* Deveice InfoTests */ = {
			isa = PBXNativeTarget;
			buildConfigurationList = C5F19F272E7D3E98009012CD /* Build configuration list for PBXNativeTarget "Deveice InfoTests" */;
			buildPhases = (
				C5F19F0C2E7D3E98009012CD /* Sources */,
				C5F19F0D2E7D3E98009012CD /* Frameworks */,
				C5F19F0E2E7D3E98009012CD /* Resources */,
			);
			buildRules = (
			);
			dependencies = (
				C5F19F122E7D3E98009012CD /* PBXTargetDependency */,
			);
			name = "Deveice InfoTests";
			productName = "Deveice InfoTests";
			productReference = C5F19F102E7D3E98009012CD /* Deveice InfoTests.xctest */;
			productType = "com.apple.product-type.bundle.unit-test";
		};
		C5F19F192E7D3E98009012CD /* Deveice InfoUITests */ = {
			isa = PBXNativeTarget;
			buildConfigurationList = C5F19F2A2E7D3E98009012CD /* Build configuration list for PBXNativeTarget "Deveice InfoUITests" */;
			buildPhases = (
				C5F19F162E7D3E98009012CD /* Sources */,
				C5F19F172E7D3E98009012CD /* Frameworks */,
				C5F19F182E7D3E98009012CD /* Resources */,
			);
			buildRules = (
			);
			dependencies = (
				C5F19F1C2E7D3E98009012CD /* PBXTargetDependency */,
			);
			name = "Deveice InfoUITests";
			productName = "Deveice InfoUITests";
			productReference = C5F19F1A2E7D3E98009012CD /* Deveice InfoUITests.xctest */;
			productType = "com.apple.product-type.bundle.ui-testing";
		};
/* End PBXNativeTarget section */

/* Begin PBXProject section */
		C5F19EF72E7D3E92009012CD /* Project object */ = {
			isa = PBXProject;
			attributes = {
				BuildIndependentTargetsInParallel = 1;
				LastSwiftUpdateCheck = 1520;
				LastUpgradeCheck = 1520;
				TargetAttributes = {
					C5F19EFE2E7D3E92009012CD = {
						CreatedOnToolsVersion = 15.2;
					};
					C5F19F0F2E7D3E98009012CD = {
						CreatedOnToolsVersion = 15.2;
						TestTargetID = C5F19EFE2E7D3E92009012CD;
					};
					C5F19F192E7D3E98009012CD = {
						CreatedOnToolsVersion = 15.2;
						TestTargetID = C5F19EFE2E7D3E92009012CD;
					};
				};
			};
			buildConfigurationList = C5F19EFA2E7D3E92009012CD /* Build configuration list for PBXProject "Deveice Info" */;
			compatibilityVersion = "Xcode 14.0";
			developmentRegion = en;
			hasScannedForEncodings = 0;
			knownRegions = (
				en,
				Base,
			);
			mainGroup = C5F19EF62E7D3E92009012CD;
			productRefGroup = C5F19F002E7D3E92009012CD /* Products */;
			projectDirPath = "";
			projectRoot = "";
			targets = (
				C5F19EFE2E7D3E92009012CD /* Deveice Info */,
				C5F19F0F2E7D3E98009012CD /* Deveice InfoTests */,
				C5F19F192E7D3E98009012CD /* Deveice InfoUITests */,
			);
		};
/* End PBXProject section */

/* Begin PBXResourcesBuildPhase section */
		C5F19EFD2E7D3E92009012CD /* Resources */ = {
			isa = PBXResourcesBuildPhase;
			buildActionMask = 2147483647;
			files = (
				C5F19F072E7D3E97009012CD /* Assets.xcassets in Resources */,
				C5F19F0A2E7D3E97009012CD /* Main.storyboard in Resources */,
			);
			runOnlyForDeploymentPostprocessing = 0;
		};
		C5F19F0E2E7D3E98009012CD /* Resources */ = {
			isa = PBXResourcesBuildPhase;
			buildActionMask = 2147483647;
			files = (
			);
			runOnlyForDeploymentPostprocessing = 0;
		};
		C5F19F182E7D3E98009012CD /* Resources */ = {
			isa = PBXResourcesBuildPhase;
			buildActionMask = 2147483647;
			files = (
			);
			runOnlyForDeploymentPostprocessing = 0;
		};
/* End PBXResourcesBuildPhase section */

/* Begin PBXSourcesBuildPhase section */
		C5F19EFB2E7D3E92009012CD /* Sources */ = {
			isa = PBXSourcesBuildPhase;
			buildActionMask = 2147483647;
			files = (
				C5F19F052E7D3E92009012CD /* ViewController.swift in Sources */,
				C5F19F032E7D3E92009012CD /* AppDelegate.swift in Sources */,
				C59F31482E9185DC00DDF650 /* EnhancedViewController.swift in Sources */,
			);
			runOnlyForDeploymentPostprocessing = 0;
		};
		C5F19F0C2E7D3E98009012CD /* Sources */ = {
			isa = PBXSourcesBuildPhase;
			buildActionMask = 2147483647;
			files = (
				C5F19F152E7D3E98009012CD /* Deveice_InfoTests.swift in Sources */,
			);
			runOnlyForDeploymentPostprocessing = 0;
		};
		C5F19F162E7D3E98009012CD /* Sources */ = {
			isa = PBXSourcesBuildPhase;
			buildActionMask = 2147483647;
			files = (
				C5F19F212E7D3E98009012CD /* Deveice_InfoUITestsLaunchTests.swift in Sources */,
				C5F19F1F2E7D3E98009012CD /* Deveice_InfoUITests.swift in Sources */,
			);
			runOnlyForDeploymentPostprocessing = 0;
		};
/* End PBXSourcesBuildPhase section */

/* Begin PBXTargetDependency section */
		C5F19F122E7D3E98009012CD /* PBXTargetDependency */ = {
			isa = PBXTargetDependency;
			target = C5F19EFE2E7D3E92009012CD /* Deveice Info */;
			targetProxy = C5F19F112E7D3E98009012CD /* PBXContainerItemProxy */;
		};
		C5F19F1C2E7D3E98009012CD /* PBXTargetDependency */ = {
			isa = PBXTargetDependency;
			target = C5F19EFE2E7D3E92009012CD /* Deveice Info */;
			targetProxy = C5F19F1B2E7D3E98009012CD /* PBXContainerItemProxy */;
		};
/* End PBXTargetDependency section */

/* Begin PBXVariantGroup section */
		C5F19F082E7D3E97009012CD /* Main.storyboard */ = {
			isa = PBXVariantGroup;
			children = (
				C5F19F092E7D3E97009012CD /* Base */,
			);
			name = Main.storyboard;
			sourceTree = "<group>";
		};
/* End PBXVariantGroup section */

/* Begin XCBuildConfiguration section */
		C5F19F222E7D3E98009012CD /* Debug */ = {
			isa = XCBuildConfiguration;
			buildSettings = {
				ALWAYS_SEARCH_USER_PATHS = NO;
				ASSETCATALOG_COMPILER_GENERATE_SWIFT_ASSET_SYMBOL_EXTENSIONS = YES;
				CLANG_ANALYZER_NONNULL = YES;
				CLANG_ANALYZER_NUMBER_OBJECT_CONVERSION = YES_AGGRESSIVE;
				CLANG_CXX_LANGUAGE_STANDARD = "gnu++20";
				CLANG_ENABLE_MODULES = YES;
				CLANG_ENABLE_OBJC_ARC = YES;
				CLANG_ENABLE_OBJC_WEAK = YES;
				CLANG_WARN_BLOCK_CAPTURE_AUTORELEASING = YES;
				CLANG_WARN_BOOL_CONVERSION = YES;
				CLANG_WARN_COMMA = YES;
				CLANG_WARN_CONSTANT_CONVERSION = YES;
				CLANG_WARN_DEPRECATED_OBJC_IMPLEMENTATIONS = YES;
				CLANG_WARN_DIRECT_OBJC_ISA_USAGE = YES_ERROR;
				CLANG_WARN_DOCUMENTATION_COMMENTS = YES;
				CLANG_WARN_EMPTY_BODY = YES;
				CLANG_WARN_ENUM_CONVERSION = YES;
				CLANG_WARN_INFINITE_RECURSION = YES;
				CLANG_WARN_INT_CONVERSION = YES;
				CLANG_WARN_NON_LITERAL_NULL_CONVERSION = YES;
				CLANG_WARN_OBJC_IMPLICIT_RETAIN_SELF = YES;
				CLANG_WARN_OBJC_LITERAL_CONVERSION = YES;
				CLANG_WARN_OBJC_ROOT_CLASS = YES_ERROR;
				CLANG_WARN_QUOTED_INCLUDE_IN_FRAMEWORK_HEADER = YES;
				CLANG_WARN_RANGE_LOOP_ANALYSIS = YES;
				CLANG_WARN_STRICT_PROTOTYPES = YES;
				CLANG_WARN_SUSPICIOUS_MOVE = YES;
				CLANG_WARN_UNGUARDED_AVAILABILITY = YES_AGGRESSIVE;
				CLANG_WARN_UNREACHABLE_CODE = YES;
				CLANG_WARN__DUPLICATE_METHOD_MATCH = YES;
				COPY_PHASE_STRIP = NO;
				DEBUG_INFORMATION_FORMAT = dwarf;
				ENABLE_STRICT_OBJC_MSGSEND = YES;
				ENABLE_TESTABILITY = YES;
				ENABLE_USER_SCRIPT_SANDBOXING = YES;
				GCC_C_LANGUAGE_STANDARD = gnu17;
				GCC_DYNAMIC_NO_PIC = NO;
				GCC_NO_COMMON_BLOCKS = YES;
				GCC_OPTIMIZATION_LEVEL = 0;
				GCC_PREPROCESSOR_DEFINITIONS = (
					"DEBUG=1",
					"$(inherited)",
				);
				GCC_WARN_64_TO_32_BIT_CONVERSION = YES;
				GCC_WARN_ABOUT_RETURN_TYPE = YES_ERROR;
				GCC_WARN_UNDECLARED_SELECTOR = YES;
				GCC_WARN_UNINITIALIZED_AUTOS = YES_AGGRESSIVE;
				GCC_WARN_UNUSED_FUNCTION = YES;
				GCC_WARN_UNUSED_VARIABLE = YES;
				LOCALIZATION_PREFERS_STRING_CATALOGS = YES;
				MACOSX_DEPLOYMENT_TARGET = 13.7;
				MTL_ENABLE_DEBUG_INFO = INCLUDE_SOURCE;
				MTL_FAST_MATH = YES;
				ONLY_ACTIVE_ARCH = YES;
				SDKROOT = macosx;
				SWIFT_ACTIVE_COMPILATION_CONDITIONS = "DEBUG $(inherited)";
				SWIFT_OPTIMIZATION_LEVEL = "-Onone";
			};
			name = Debug;
		};
		C5F19F232E7D3E98009012CD /* Release */ = {
			isa = XCBuildConfiguration;
			buildSettings = {
				ALWAYS_SEARCH_USER_PATHS = NO;
				ASSETCATALOG_COMPILER_GENERATE_SWIFT_ASSET_SYMBOL_EXTENSIONS = YES;
				CLANG_ANALYZER_NONNULL = YES;
				CLANG_ANALYZER_NUMBER_OBJECT_CONVERSION = YES_AGGRESSIVE;
				CLANG_CXX_LANGUAGE_STANDARD = "gnu++20";
				CLANG_ENABLE_MODULES = YES;
				CLANG_ENABLE_OBJC_ARC = YES;
				CLANG_ENABLE_OBJC_WEAK = YES;
				CLANG_WARN_BLOCK_CAPTURE_AUTORELEASING = YES;
				CLANG_WARN_BOOL_CONVERSION = YES;
				CLANG_WARN_COMMA = YES;
				CLANG_WARN_CONSTANT_CONVERSION = YES;
				CLANG_WARN_DEPRECATED_OBJC_IMPLEMENTATIONS = YES;
				CLANG_WARN_DIRECT_OBJC_ISA_USAGE = YES_ERROR;
				CLANG_WARN_DOCUMENTATION_COMMENTS = YES;
				CLANG_WARN_EMPTY_BODY = YES;
				CLANG_WARN_ENUM_CONVERSION = YES;
				CLANG_WARN_INFINITE_RECURSION = YES;
				CLANG_WARN_INT_CONVERSION = YES;
				CLANG_WARN_NON_LITERAL_NULL_CONVERSION = YES;
				CLANG_WARN_OBJC_IMPLICIT_RETAIN_SELF = YES;
				CLANG_WARN_OBJC_LITERAL_CONVERSION = YES;
				CLANG_WARN_OBJC_ROOT_CLASS = YES_ERROR;
				CLANG_WARN_QUOTED_INCLUDE_IN_FRAMEWORK_HEADER = YES;
				CLANG_WARN_RANGE_LOOP_ANALYSIS = YES;
				CLANG_WARN_STRICT_PROTOTYPES = YES;
				CLANG_WARN_SUSPICIOUS_MOVE = YES;
				CLANG_WARN_UNGUARDED_AVAILABILITY = YES_AGGRESSIVE;
				CLANG_WARN_UNREACHABLE_CODE = YES;
				CLANG_WARN__DUPLICATE_METHOD_MATCH = YES;
				COPY_PHASE_STRIP = NO;
				DEBUG_INFORMATION_FORMAT = "dwarf-with-dsym";
				ENABLE_NS_ASSERTIONS = NO;
				ENABLE_STRICT_OBJC_MSGSEND = YES;
				ENABLE_USER_SCRIPT_SANDBOXING = YES;
				GCC_C_LANGUAGE_STANDARD = gnu17;
				GCC_NO_COMMON_BLOCKS = YES;
				GCC_WARN_64_TO_32_BIT_CONVERSION = YES;
				GCC_WARN_ABOUT_RETURN_TYPE = YES_ERROR;
				GCC_WARN_UNDECLARED_SELECTOR = YES;
				GCC_WARN_UNINITIALIZED_AUTOS = YES_AGGRESSIVE;
				GCC_WARN_UNUSED_FUNCTION = YES;
				GCC_WARN_UNUSED_VARIABLE = YES;
				LOCALIZATION_PREFERS_STRING_CATALOGS = YES;
				MACOSX_DEPLOYMENT_TARGET = 13.7;
				MTL_ENABLE_DEBUG_INFO = NO;
				MTL_FAST_MATH = YES;
				SDKROOT = macosx;
				SWIFT_COMPILATION_MODE = wholemodule;
			};
			name = Release;
		};
		C5F19F252E7D3E98009012CD /* Debug */ = {
			isa = XCBuildConfiguration;
			buildSettings = {
				ASSETCATALOG_COMPILER_APPICON_NAME = AppIcon;
				ASSETCATALOG_COMPILER_GLOBAL_ACCENT_COLOR_NAME = AccentColor;
				CODE_SIGN_ENTITLEMENTS = "Deveice Info/Deveice_Info.entitlements";
				CODE_SIGN_STYLE = Automatic;
				COMBINE_HIDPI_IMAGES = YES;
				CURRENT_PROJECT_VERSION = 1;
				DEVELOPMENT_TEAM = 2PT3NL5FCV;
				ENABLE_HARDENED_RUNTIME = YES;
				GENERATE_INFOPLIST_FILE = NO;
				INFOPLIST_FILE = "Deveice Info/Info.plist";
				INFOPLIST_KEY_LSApplicationCategoryType = "";
				INFOPLIST_KEY_NSAppleEventsUsageDescription = "此應用程式需要監控 USB 裝置";
				INFOPLIST_KEY_NSHumanReadableCopyright = "";
				INFOPLIST_KEY_NSMainStoryboardFile = Main;
				INFOPLIST_KEY_NSPrincipalClass = NSApplication;
				LD_RUNPATH_SEARCH_PATHS = (
					"$(inherited)",
					"@executable_path/../Frameworks",
				);
				MARKETING_VERSION = 1.0;
				PRODUCT_BUNDLE_IDENTIFIER = "self.Deveice-Info";
				PRODUCT_NAME = "$(TARGET_NAME)";
				SWIFT_EMIT_LOC_STRINGS = YES;
				SWIFT_VERSION = 5.0;
			};
			name = Debug;
		};
		C5F19F262E7D3E98009012CD /* Release */ = {
			isa = XCBuildConfiguration;
			buildSettings = {
				ASSETCATALOG_COMPILER_APPICON_NAME = AppIcon;
				ASSETCATALOG_COMPILER_GLOBAL_ACCENT_COLOR_NAME = AccentColor;
				CODE_SIGN_ENTITLEMENTS = "Deveice Info/Deveice_Info.entitlements";
				CODE_SIGN_STYLE = Automatic;
				COMBINE_HIDPI_IMAGES = YES;
				CURRENT_PROJECT_VERSION = 1;
				DEVELOPMENT_TEAM = 2PT3NL5FCV;
				ENABLE_HARDENED_RUNTIME = YES;
				GENERATE_INFOPLIST_FILE = NO;
				INFOPLIST_FILE = "Deveice Info/Info.plist";
				INFOPLIST_KEY_LSApplicationCategoryType = "";
				INFOPLIST_KEY_NSAppleEventsUsageDescription = "此應用程式需要監控 USB 裝置";
				INFOPLIST_KEY_NSHumanReadableCopyright = "";
				INFOPLIST_KEY_NSMainStoryboardFile = Main;
				INFOPLIST_KEY_NSPrincipalClass = NSApplication;
				LD_RUNPATH_SEARCH_PATHS = (
					"$(inherited)",
					"@executable_path/../Frameworks",
				);
				MARKETING_VERSION = 1.0;
				PRODUCT_BUNDLE_IDENTIFIER = "self.Deveice-Info";
				PRODUCT_NAME = "$(TARGET_NAME)";
				SWIFT_EMIT_LOC_STRINGS = YES;
				SWIFT_VERSION = 5.0;
			};
			name = Release;
		};
		C5F19F282E7D3E98009012CD /* Debug */ = {
			isa = XCBuildConfiguration;
			buildSettings = {
				ALWAYS_EMBED_SWIFT_STANDARD_LIBRARIES = YES;
				BUNDLE_LOADER = "$(TEST_HOST)";
				CODE_SIGN_STYLE = Automatic;
				CURRENT_PROJECT_VERSION = 1;
				DEVELOPMENT_TEAM = 2PT3NL5FCV;
				GENERATE_INFOPLIST_FILE = NO;
				INFOPLIST_FILE = "Deveice Info/Info.plist";
				MACOSX_DEPLOYMENT_TARGET = 13.7;
				MARKETING_VERSION = 1.0;
				PRODUCT_BUNDLE_IDENTIFIER = "self.Deveice-InfoTests";
				PRODUCT_NAME = "$(TARGET_NAME)";
				SWIFT_EMIT_LOC_STRINGS = NO;
				SWIFT_VERSION = 5.0;
				TEST_HOST = "$(BUILT_PRODUCTS_DIR)/Deveice Info.app/$(BUNDLE_EXECUTABLE_FOLDER_PATH)/Deveice Info";
			};
			name = Debug;
		};
		C5F19F292E7D3E98009012CD /* Release */ = {
			isa = XCBuildConfiguration;
			buildSettings = {
				ALWAYS_EMBED_SWIFT_STANDARD_LIBRARIES = YES;
				BUNDLE_LOADER = "$(TEST_HOST)";
				CODE_SIGN_STYLE = Automatic;
				CURRENT_PROJECT_VERSION = 1;
				DEVELOPMENT_TEAM = 2PT3NL5FCV;
				GENERATE_INFOPLIST_FILE = NO;
				INFOPLIST_FILE = "Deveice Info/Info.plist";
				MACOSX_DEPLOYMENT_TARGET = 13.7;
				MARKETING_VERSION = 1.0;
				PRODUCT_BUNDLE_IDENTIFIER = "self.Deveice-InfoTests";
				PRODUCT_NAME = "$(TARGET_NAME)";
				SWIFT_EMIT_LOC_STRINGS = NO;
				SWIFT_VERSION = 5.0;
				TEST_HOST = "$(BUILT_PRODUCTS_DIR)/Deveice Info.app/$(BUNDLE_EXECUTABLE_FOLDER_PATH)/Deveice Info";
			};
			name = Release;
		};
		C5F19F2B2E7D3E98009012CD /* Debug */ = {
			isa = XCBuildConfiguration;
			buildSettings = {
				ALWAYS_EMBED_SWIFT_STANDARD_LIBRARIES = YES;
				CODE_SIGN_STYLE = Automatic;
				CURRENT_PROJECT_VERSION = 1;
				DEVELOPMENT_TEAM = 2PT3NL5FCV;
				GENERATE_INFOPLIST_FILE = NO;
				INFOPLIST_FILE = "Deveice Info/Info.plist";
				MARKETING_VERSION = 1.0;
				PRODUCT_BUNDLE_IDENTIFIER = "self.Deveice-InfoUITests";
				PRODUCT_NAME = "$(TARGET_NAME)";
				SWIFT_EMIT_LOC_STRINGS = NO;
				SWIFT_VERSION = 5.0;
				TEST_TARGET_NAME = "Deveice Info";
			};
			name = Debug;
		};
		C5F19F2C2E7D3E98009012CD /* Release */ = {
			isa = XCBuildConfiguration;
			buildSettings = {
				ALWAYS_EMBED_SWIFT_STANDARD_LIBRARIES = YES;
				CODE_SIGN_STYLE = Automatic;
				CURRENT_PROJECT_VERSION = 1;
				DEVELOPMENT_TEAM = 2PT3NL5FCV;
				GENERATE_INFOPLIST_FILE = NO;
				INFOPLIST_FILE = "Deveice Info/Info.plist";
				MARKETING_VERSION = 1.0;
				PRODUCT_BUNDLE_IDENTIFIER = "self.Deveice-InfoUITests";
				PRODUCT_NAME = "$(TARGET_NAME)";
				SWIFT_EMIT_LOC_STRINGS = NO;
				SWIFT_VERSION = 5.0;
				TEST_TARGET_NAME = "Deveice Info";
			};
			name = Release;
		};
/* End XCBuildConfiguration section */

/* Begin XCConfigurationList section */
		C5F19EFA2E7D3E92009012CD /* Build configuration list for PBXProject "Deveice Info" */ = {
			isa = XCConfigurationList;
			buildConfigurations = (
				C5F19F222E7D3E98009012CD /* Debug */,
				C5F19F232E7D3E98009012CD /* Release */,
			);
			defaultConfigurationIsVisible = 0;
			defaultConfigurationName = Release;
		};
		C5F19F242E7D3E98009012CD /* Build configuration list for PBXNativeTarget "Deveice Info" */ = {
			isa = XCConfigurationList;
			buildConfigurations = (
				C5F19F252E7D3E98009012CD /* Debug */,
				C5F19F262E7D3E98009012CD /* Release */,
			);
			defaultConfigurationIsVisible = 0;
			defaultConfigurationName = Release;
		};
		C5F19F272E7D3E98009012CD /* Build configuration list for PBXNativeTarget "Deveice InfoTests" */ = {
			isa = XCConfigurationList;
			buildConfigurations = (
				C5F19F282E7D3E98009012CD /* Debug */,
				C5F19F292E7D3E98009012CD /* Release */,
			);
			defaultConfigurationIsVisible = 0;
			defaultConfigurationName = Release;
		};
		C5F19F2A2E7D3E98009012CD /* Build configuration list for PBXNativeTarget "Deveice InfoUITests" */ = {
			isa = XCConfigurationList;
			buildConfigurations = (
				C5F19F2B2E7D3E98009012CD /* Debug */,
				C5F19F2C2E7D3E98009012CD /* Release */,
			);
			defaultConfigurationIsVisible = 0;
			defaultConfigurationName = Release;
		};
/* End XCConfigurationList section */
	};
	rootObject = C5F19EF72E7D3E92009012CD /* Project object */;
}
